<Solution>
  <Folder Name="/src/">
    <Project Path="src/Walrus.Domain/Walrus.Domain.csproj" />
    <Project Path="src/Walrus.Application/Walrus.Application.csproj" />
    <Project Path="src/Walrus.Infrastructure/Walrus.Infrastructure.csproj" />
    <Project Path="src/Walrus.Api/Walrus.Api.csproj" />
  </Folder>
  <Folder Name="/tests/">
    <Project Path="tests/Walrus.UnitTests/Walrus.UnitTests.csproj" />
    <Project Path="tests/Walrus.IntegrationTests/Walrus.IntegrationTests.csproj" />
  </Folder>
  <Folder Name="/load/">
    <Project Path="load/Walrus.Load/Walrus.Load.csproj" />
  </Folder>
  <Folder Name="/tools/">
    <Project Path="tools/Walrus.LicenseAudit/Walrus.LicenseAudit.csproj" />
  </Folder>
</Solution>
